
Microsoft Visual Studio Solution File, Format Version 12.00
# Visual Studio 15
VisualStudioVersion = 15.0.27625.0
MinimumVisualStudioVersion = 10.0.40219.1
Project("{FAE04EC0-301F-11D3-BF4B-00C04F79EFBC}") = "VB6ActiveXDllConverterUI", "VB6ActiveXDllConverterUI\VB6ActiveXDllConverterUI.csproj", "{EBB2D026-743E-4409-A018-347A0449E957}"
EndProject
Project("{FAE04EC0-301F-11D3-BF4B-00C04F79EFBC}") = "VB6ActiveXDllConverter", "VB6ActiveXDllConverter\VB6ActiveXDllConverter.csproj", "{B8ED6F23-082A-443D-A6EE-1C030999519A}"
EndProject
Global
	GlobalSection(SolutionConfigurationPlatforms) = preSolution
		Debug|Any CPU = Debug|Any CPU
		Release|Any CPU = Release|Any CPU
	EndGlobalSection
	GlobalSection(ProjectConfigurationPlatforms) = postSolution
		{EBB2D026-743E-4409-A018-347A0449E957}.Debug|Any CPU.ActiveCfg = Debug|Any CPU
		{EBB2D026-743E-4409-A018-347A0449E957}.Debug|Any CPU.Build.0 = Debug|Any CPU
		{EBB2D026-743E-4409-A018-347A0449E957}.Release|Any CPU.ActiveCfg = Release|Any CPU
		{EBB2D026-743E-4409-A018-347A0449E957}.Release|Any CPU.Build.0 = Release|Any CPU
		{B8ED6F23-082A-443D-A6EE-1C030999519A}.Debug|Any CPU.ActiveCfg = Debug|Any CPU
		{B8ED6F23-082A-443D-A6EE-1C030999519A}.Debug|Any CPU.Build.0 = Debug|Any CPU
		{B8ED6F23-082A-443D-A6EE-1C030999519A}.Release|Any CPU.ActiveCfg = Release|Any CPU
		{B8ED6F23-082A-443D-A6EE-1C030999519A}.Release|Any CPU.Build.0 = Release|Any CPU
	EndGlobalSection
	GlobalSection(SolutionProperties) = preSolution
		HideSolutionNode = FALSE
	EndGlobalSection
	GlobalSection(ExtensibilityGlobals) = postSolution
		SolutionGuid = {A1BC691A-7244-4831-92FC-DBDBE160E8CE}
	EndGlobalSection
EndGlobal
